
Microsoft Visual Studio Solution File, Format Version 12.00
# Visual Studio Version 16
VisualStudioVersion = 16.6.30114.105
MinimumVisualStudioVersion = 10.0.40219.1
Project("{9A19103F-16F7-4668-BE54-9A1E7A4F7556}") = "WaTor.Simulation", "WaTor.Simulation\WaTor.Simulation.csproj", "{99069623-1B7E-4B3D-8290-7ECCD8891ABD}"
EndProject
Project("{9A19103F-16F7-4668-BE54-9A1E7A4F7556}") = "Wator_Display_Forms", "Wator_Display_Forms\Wator_Display_Forms.csproj", "{47C25015-1C80-4F72-81F0-511D6C1BEF05}"
EndProject
Project("{9A19103F-16F7-4668-BE54-9A1E7A4F7556}") = "WaTor.DrawVideo", "WaTor.DrawVideo\WaTor.DrawVideo.csproj", "{B690E15A-BA18-40A1-B5A1-801D3E02D4A0}"
EndProject
Project("{FAE04EC0-301F-11D3-BF4B-00C04F79EFBC}") = "WaTor.RenderText", "WaTor.RenderText\WaTor.RenderText.csproj", "{20BA0A10-5FDC-49DA-B781-0F35A7D7603A}"
EndProject
Global
	GlobalSection(SolutionConfigurationPlatforms) = preSolution
		Debug|Any CPU = Debug|Any CPU
		Debug|x64 = Debug|x64
		Debug|x86 = Debug|x86
		Release|Any CPU = Release|Any CPU
		Release|x64 = Release|x64
		Release|x86 = Release|x86
	EndGlobalSection
	GlobalSection(ProjectConfigurationPlatforms) = postSolution
		{99069623-1B7E-4B3D-8290-7ECCD8891ABD}.Debug|Any CPU.ActiveCfg = Debug|Any CPU
		{99069623-1B7E-4B3D-8290-7ECCD8891ABD}.Debug|Any CPU.Build.0 = Debug|Any CPU
		{99069623-1B7E-4B3D-8290-7ECCD8891ABD}.Debug|x64.ActiveCfg = Debug|Any CPU
		{99069623-1B7E-4B3D-8290-7ECCD8891ABD}.Debug|x64.Build.0 = Debug|Any CPU
		{99069623-1B7E-4B3D-8290-7ECCD8891ABD}.Debug|x86.ActiveCfg = Debug|Any CPU
		{99069623-1B7E-4B3D-8290-7ECCD8891ABD}.Debug|x86.Build.0 = Debug|Any CPU
		{99069623-1B7E-4B3D-8290-7ECCD8891ABD}.Release|Any CPU.ActiveCfg = Release|Any CPU
		{99069623-1B7E-4B3D-8290-7ECCD8891ABD}.Release|Any CPU.Build.0 = Release|Any CPU
		{99069623-1B7E-4B3D-8290-7ECCD8891ABD}.Release|x64.ActiveCfg = Release|Any CPU
		{99069623-1B7E-4B3D-8290-7ECCD8891ABD}.Release|x64.Build.0 = Release|Any CPU
		{99069623-1B7E-4B3D-8290-7ECCD8891ABD}.Release|x86.ActiveCfg = Release|Any CPU
		{99069623-1B7E-4B3D-8290-7ECCD8891ABD}.Release|x86.Build.0 = Release|Any CPU
		{47C25015-1C80-4F72-81F0-511D6C1BEF05}.Debug|Any CPU.ActiveCfg = Debug|Any CPU
		{47C25015-1C80-4F72-81F0-511D6C1BEF05}.Debug|Any CPU.Build.0 = Debug|Any CPU
		{47C25015-1C80-4F72-81F0-511D6C1BEF05}.Debug|x64.ActiveCfg = Debug|Any CPU
		{47C25015-1C80-4F72-81F0-511D6C1BEF05}.Debug|x64.Build.0 = Debug|Any CPU
		{47C25015-1C80-4F72-81F0-511D6C1BEF05}.Debug|x86.ActiveCfg = Debug|Any CPU
		{47C25015-1C80-4F72-81F0-511D6C1BEF05}.Debug|x86.Build.0 = Debug|Any CPU
		{47C25015-1C80-4F72-81F0-511D6C1BEF05}.Release|Any CPU.ActiveCfg = Release|Any CPU
		{47C25015-1C80-4F72-81F0-511D6C1BEF05}.Release|Any CPU.Build.0 = Release|Any CPU
		{47C25015-1C80-4F72-81F0-511D6C1BEF05}.Release|x64.ActiveCfg = Release|Any CPU
		{47C25015-1C80-4F72-81F0-511D6C1BEF05}.Release|x64.Build.0 = Release|Any CPU
		{47C25015-1C80-4F72-81F0-511D6C1BEF05}.Release|x86.ActiveCfg = Release|Any CPU
		{47C25015-1C80-4F72-81F0-511D6C1BEF05}.Release|x86.Build.0 = Release|Any CPU
		{B690E15A-BA18-40A1-B5A1-801D3E02D4A0}.Debug|Any CPU.ActiveCfg = Debug|Any CPU
		{B690E15A-BA18-40A1-B5A1-801D3E02D4A0}.Debug|Any CPU.Build.0 = Debug|Any CPU
		{B690E15A-BA18-40A1-B5A1-801D3E02D4A0}.Debug|x64.ActiveCfg = Debug|Any CPU
		{B690E15A-BA18-40A1-B5A1-801D3E02D4A0}.Debug|x64.Build.0 = Debug|Any CPU
		{B690E15A-BA18-40A1-B5A1-801D3E02D4A0}.Debug|x86.ActiveCfg = Debug|Any CPU
		{B690E15A-BA18-40A1-B5A1-801D3E02D4A0}.Debug|x86.Build.0 = Debug|Any CPU
		{B690E15A-BA18-40A1-B5A1-801D3E02D4A0}.Release|Any CPU.ActiveCfg = Release|Any CPU
		{B690E15A-BA18-40A1-B5A1-801D3E02D4A0}.Release|Any CPU.Build.0 = Release|Any CPU
		{B690E15A-BA18-40A1-B5A1-801D3E02D4A0}.Release|x64.ActiveCfg = Release|Any CPU
		{B690E15A-BA18-40A1-B5A1-801D3E02D4A0}.Release|x64.Build.0 = Release|Any CPU
		{B690E15A-BA18-40A1-B5A1-801D3E02D4A0}.Release|x86.ActiveCfg = Release|Any CPU
		{B690E15A-BA18-40A1-B5A1-801D3E02D4A0}.Release|x86.Build.0 = Release|Any CPU
		{20BA0A10-5FDC-49DA-B781-0F35A7D7603A}.Debug|Any CPU.ActiveCfg = Debug|Any CPU
		{20BA0A10-5FDC-49DA-B781-0F35A7D7603A}.Debug|Any CPU.Build.0 = Debug|Any CPU
		{20BA0A10-5FDC-49DA-B781-0F35A7D7603A}.Debug|x64.ActiveCfg = Debug|Any CPU
		{20BA0A10-5FDC-49DA-B781-0F35A7D7603A}.Debug|x64.Build.0 = Debug|Any CPU
		{20BA0A10-5FDC-49DA-B781-0F35A7D7603A}.Debug|x86.ActiveCfg = Debug|Any CPU
		{20BA0A10-5FDC-49DA-B781-0F35A7D7603A}.Debug|x86.Build.0 = Debug|Any CPU
		{20BA0A10-5FDC-49DA-B781-0F35A7D7603A}.Release|Any CPU.ActiveCfg = Release|Any CPU
		{20BA0A10-5FDC-49DA-B781-0F35A7D7603A}.Release|Any CPU.Build.0 = Release|Any CPU
		{20BA0A10-5FDC-49DA-B781-0F35A7D7603A}.Release|x64.ActiveCfg = Release|Any CPU
		{20BA0A10-5FDC-49DA-B781-0F35A7D7603A}.Release|x64.Build.0 = Release|Any CPU
		{20BA0A10-5FDC-49DA-B781-0F35A7D7603A}.Release|x86.ActiveCfg = Release|Any CPU
		{20BA0A10-5FDC-49DA-B781-0F35A7D7603A}.Release|x86.Build.0 = Release|Any CPU
	EndGlobalSection
	GlobalSection(SolutionProperties) = preSolution
		HideSolutionNode = FALSE
	EndGlobalSection
	GlobalSection(ExtensibilityGlobals) = postSolution
		SolutionGuid = {4700F4E9-2DFC-438F-A4D8-782FDE6BB1AF}
	EndGlobalSection
EndGlobal
